// !$*UTF8*$!
{
	archiveVersion = 1;
	classes = {
	};
	objectVersion = 55;
	objects = {

/* Begin PBXBuildFile section */
		F58A7FF52889E7160058B486 /* Peter016_1App.swift in Sources */ = {isa = PBXBuildFile; fileRef = F58A7FF42889E7160058B486 /* Peter016_1App.swift */; };
		F58A7FF72889E7160058B486 /* ContentView.swift in Sources */ = {isa = PBXBuildFile; fileRef = F58A7FF62889E7160058B486 /* ContentView.swift */; };
		F58A7FF92889E7190058B486 /* Assets.xcassets in Resources */ = {isa = PBXBuildFile; fileRef = F58A7FF82889E7190058B486 /* Assets.xcassets */; };
		F58A7FFC2889E7190058B486 /* Preview Assets.xcassets in Resources */ = {isa = PBXBuildFile; fileRef = F58A7FFB2889E7190058B486 /* Preview Assets.xcassets */; };
		F58A80062889E71A0058B486 /* Peter016_1Tests.swift in Sources */ = {isa = PBXBuildFile; fileRef = F58A80052889E71A0058B486 /* Peter016_1Tests.swift */; };
		F58A80102889E71A0058B486 /* Peter016_1UITests.swift in Sources */ = {isa = PBXBuildFile; fileRef = F58A800F2889E71A0058B486 /* Peter016_1UITests.swift */; };
		F58A80122889E71A0058B486 /* Peter016_1UITestsLaunchTests.swift in Sources */ = {isa = PBXBuildFile; fileRef = F58A80112889E71A0058B486 /* Peter016_1UITestsLaunchTests.swift */; };
/* End PBXBuildFile section */

/* Begin PBXContainerItemProxy section */
		F58A80022889E71A0058B486 /* PBXContainerItemProxy */ = {
			isa = PBXContainerItemProxy;
			containerPortal = F58A7FE92889E7160058B486 /* Project object */;
			proxyType = 1;
			remoteGlobalIDString = F58A7FF02889E7160058B486;
			remoteInfo = Peter016_1;
		};
		F58A800C2889E71A0058B486 /* PBXContainerItemProxy */ = {
			isa = PBXContainerItemProxy;
			containerPortal = F58A7FE92889E7160058B486 /* Project object */;
			proxyType = 1;
			remoteGlobalIDString = F58A7FF02889E7160058B486;
			remoteInfo = Peter016_1;
		};
/* End PBXContainerItemProxy section */

/* Begin PBXFileReference section */
		F58A7FF12889E7160058B486 /* Peter016_1.app */ = {isa = PBXFileReference; explicitFileType = wrapper.application; includeInIndex = 0; path = Peter016_1.app; sourceTree = BUILT_PRODUCTS_DIR; };
		F58A7FF42889E7160058B486 /* Peter016_1App.swift */ = {isa = PBXFileReference; lastKnownFileType = sourcecode.swift; path = Peter016_1App.swift; sourceTree = "<group>"; };
		F58A7FF62889E7160058B486 /* ContentView.swift */ = {isa = PBXFileReference; lastKnownFileType = sourcecode.swift; path = ContentView.swift; sourceTree = "<group>"; };
		F58A7FF82889E7190058B486 /* Assets.xcassets */ = {isa = PBXFileReference; lastKnownFileType = folder.assetcatalog; path = Assets.xcassets; sourceTree = "<group>"; };
		F58A7FFB2889E7190058B486 /* Preview Assets.xcassets */ = {isa = PBXFileReference; lastKnownFileType = folder.assetcatalog; path = "Preview Assets.xcassets"; sourceTree = "<group>"; };
		F58A80012889E71A0058B486 /* Peter016_1Tests.xctest */ = {isa = PBXFileReference; explicitFileType = wrapper.cfbundle; includeInIndex = 0; path = Peter016_1Tests.xctest; sourceTree = BUILT_PRODUCTS_DIR; };
		F58A80052889E71A0058B486 /* Peter016_1Tests.swift */ = {isa = PBXFileReference; lastKnownFileType = sourcecode.swift; path = Peter016_1Tests.swift; sourceTree = "<group>"; };
		F58A800B2889E71A0058B486 /* Peter016_1UITests.xctest */ = {isa = PBXFileReference; explicitFileType = wrapper.cfbundle; includeInIndex = 0; path = Peter016_1UITests.xctest; sourceTree = BUILT_PRODUCTS_DIR; };
		F58A800F2889E71A0058B486 /* Peter016_1UITests.swift */ = {isa = PBXFileReference; lastKnownFileType = sourcecode.swift; path = Peter016_1UITests.swift; sourceTree = "<group>"; };
		F58A80112889E71A0058B486 /* Peter016_1UITestsLaunchTests.swift */ = {isa = PBXFileReference; lastKnownFileType = sourcecode.swift; path = Peter016_1UITestsLaunchTests.swift; sourceTree = "<group>"; };
/* End PBXFileReference section */

/* Begin PBXFrameworksBuildPhase section */
		F58A7FEE2889E7160058B486 /* Frameworks */ = {
			isa = PBXFrameworksBuildPhase;
			buildActionMask = 2147483647;
			files = (
			);
			runOnlyForDeploymentPostprocessing = 0;
		};
		F58A7FFE2889E71A0058B486 /* Frameworks */ = {
			isa = PBXFrameworksBuildPhase;
			buildActionMask = 2147483647;
			files = (
			);
			runOnlyForDeploymentPostprocessing = 0;
		};
		F58A80082889E71A0058B486 /* Frameworks */ = {
			isa = PBXFrameworksBuildPhase;
			buildActionMask = 2147483647;
			files = (
			);
			runOnlyForDeploymentPostprocessing = 0;
		};
/* End PBXFrameworksBuildPhase section */

/* Begin PBXGroup section */
		F58A7FE82889E7160058B486 = {
			isa = PBXGroup;
			children = (
				F58A7FF32889E7160058B486 /* Peter016_1 */,
				F58A80042889E71A0058B486 /* Peter016_1Tests */,
				F58A800E2889E71A0058B486 /* Peter016_1UITests */,
				F58A7FF22889E7160058B486 /* Products */,
			);
			sourceTree = "<group>";
		};
		F58A7FF22889E7160058B486 /* Products */ = {
			isa = PBXGroup;
			children = (
				F58A7FF12889E7160058B486 /* Peter016_1.app */,
				F58A80012889E71A0058B486 /* Peter016_1Tests.xctest */,
				F58A800B2889E71A0058B486 /* Peter016_1UITests.xctest */,
			);
			name = Products;
			sourceTree = "<group>";
		};
		F58A7FF32889E7160058B486 /* Peter016_1 */ = {
			isa = PBXGroup;
			children = (
				F58A7FF42889E7160058B486 /* Peter016_1App.swift */,
				F58A7FF62889E7160058B486 /* ContentView.swift */,
				F58A7FF82889E7190058B486 /* Assets.xcassets */,
				F58A7FFA2889E7190058B486 /* Preview Content */,
			);
			path = Peter016_1;
			sourceTree = "<group>";
		};
		F58A7FFA2889E7190058B486 /* Preview Content */ = {
			isa = PBXGroup;
			children = (
				F58A7FFB2889E7190058B486 /* Preview Assets.xcassets */,
			);
			path = "Preview Content";
			sourceTree = "<group>";
		};
		F58A80042889E71A0058B486 /* Peter016_1Tests */ = {
			isa = PBXGroup;
			children = (
				F58A80052889E71A0058B486 /* Peter016_1Tests.swift */,
			);
			path = Peter016_1Tests;
			sourceTree = "<group>";
		};
		F58A800E2889E71A0058B486 /* Peter016_1UITests */ = {
			isa = PBXGroup;
			children = (
				F58A800F2889E71A0058B486 /* Peter016_1UITests.swift */,
				F58A80112889E71A0058B486 /* Peter016_1UITestsLaunchTests.swift */,
			);
			path = Peter016_1UITests;
			sourceTree = "<group>";
		};
/* End PBXGroup section */

/* Begin PBXNativeTarget section */
		F58A7FF02889E7160058B486 /* Peter016_1 */ = {
			isa = PBXNativeTarget;
			buildConfigurationList = F58A80152889E71A0058B486 /* Build configuration list for PBXNativeTarget "Peter016_1" */;
			buildPhases = (
				F58A7FED2889E7160058B486 /* Sources */,
				F58A7FEE2889E7160058B486 /* Frameworks */,
				F58A7FEF2889E7160058B486 /* Resources */,
			);
			buildRules = (
			);
			dependencies = (
			);
			name = Peter016_1;
			productName = Peter016_1;
			productReference = F58A7FF12889E7160058B486 /* Peter016_1.app */;
			productType = "com.apple.product-type.application";
		};
		F58A80002889E71A0058B486 /* Peter016_1Tests */ = {
			isa = PBXNativeTarget;
			buildConfigurationList = F58A80182889E71A0058B486 /* Build configuration list for PBXNativeTarget "Peter016_1Tests" */;
			buildPhases = (
				F58A7FFD2889E71A0058B486 /* Sources */,
				F58A7FFE2889E71A0058B486 /* Frameworks */,
				F58A7FFF2889E71A0058B486 /* Resources */,
			);
			buildRules = (
			);
			dependencies = (
				F58A80032889E71A0058B486 /* PBXTargetDependency */,
			);
			name = Peter016_1Tests;
			productName = Peter016_1Tests;
			productReference = F58A80012889E71A0058B486 /* Peter016_1Tests.xctest */;
			productType = "com.apple.product-type.bundle.unit-test";
		};
		F58A800A2889E71A0058B486 /* Peter016_1UITests */ = {
			isa = PBXNativeTarget;
			buildConfigurationList = F58A801B2889E71A0058B486 /* Build configuration list for PBXNativeTarget "Peter016_1UITests" */;
			buildPhases = (
				F58A80072889E71A0058B486 /* Sources */,
				F58A80082889E71A0058B486 /* Frameworks */,
				F58A80092889E71A0058B486 /* Resources */,
			);
			buildRules = (
			);
			dependencies = (
				F58A800D2889E71A0058B486 /* PBXTargetDependency */,
			);
			name = Peter016_1UITests;
			productName = Peter016_1UITests;
			productReference = F58A800B2889E71A0058B486 /* Peter016_1UITests.xctest */;
			productType = "com.apple.product-type.bundle.ui-testing";
		};
/* End PBXNativeTarget section */

/* Begin PBXProject section */
		F58A7FE92889E7160058B486 /* Project object */ = {
			isa = PBXProject;
			attributes = {
				BuildIndependentTargetsInParallel = 1;
				LastSwiftUpdateCheck = 1310;
				LastUpgradeCheck = 1310;
				TargetAttributes = {
					F58A7FF02889E7160058B486 = {
						CreatedOnToolsVersion = 13.1;
					};
					F58A80002889E71A0058B486 = {
						CreatedOnToolsVersion = 13.1;
						TestTargetID = F58A7FF02889E7160058B486;
					};
					F58A800A2889E71A0058B486 = {
						CreatedOnToolsVersion = 13.1;
						TestTargetID = F58A7FF02889E7160058B486;
					};
				};
			};
			buildConfigurationList = F58A7FEC2889E7160058B486 /* Build configuration list for PBXProject "Peter016_1" */;
			compatibilityVersion = "Xcode 13.0";
			developmentRegion = en;
			hasScannedForEncodings = 0;
			knownRegions = (
				en,
				Base,
			);
			mainGroup = F58A7FE82889E7160058B486;
			productRefGroup = F58A7FF22889E7160058B486 /* Products */;
			projectDirPath = "";
			projectRoot = "";
			targets = (
				F58A7FF02889E7160058B486 /* Peter016_1 */,
				F58A80002889E71A0058B486 /* Peter016_1Tests */,
				F58A800A2889E71A0058B486 /* Peter016_1UITests */,
			);
		};
/* End PBXProject section */

/* Begin PBXResourcesBuildPhase section */
		F58A7FEF2889E7160058B486 /* Resources */ = {
			isa = PBXResourcesBuildPhase;
			buildActionMask = 2147483647;
			files = (
				F58A7FFC2889E7190058B486 /* Preview Assets.xcassets in Resources */,
				F58A7FF92889E7190058B486 /* Assets.xcassets in Resources */,
			);
			runOnlyForDeploymentPostprocessing = 0;
		};
		F58A7FFF2889E71A0058B486 /* Resources */ = {
			isa = PBXResourcesBuildPhase;
			buildActionMask = 2147483647;
			files = (
			);
			runOnlyForDeploymentPostprocessing = 0;
		};
		F58A80092889E71A0058B486 /* Resources */ = {
			isa = PBXResourcesBuildPhase;
			buildActionMask = 2147483647;
			files = (
			);
			runOnlyForDeploymentPostprocessing = 0;
		};
/* End PBXResourcesBuildPhase section */

/* Begin PBXSourcesBuildPhase section */
		F58A7FED2889E7160058B486 /* Sources */ = {
			isa = PBXSourcesBuildPhase;
			buildActionMask = 2147483647;
			files = (
				F58A7FF72889E7160058B486 /* ContentView.swift in Sources */,
				F58A7FF52889E7160058B486 /* Peter016_1App.swift in Sources */,
			);
			runOnlyForDeploymentPostprocessing = 0;
		};
		F58A7FFD2889E71A0058B486 /* Sources */ = {
			isa = PBXSourcesBuildPhase;
			buildActionMask = 2147483647;
			files = (
				F58A80062889E71A0058B486 /* Peter016_1Tests.swift in Sources */,
			);
			runOnlyForDeploymentPostprocessing = 0;
		};
		F58A80072889E71A0058B486 /* Sources */ = {
			isa = PBXSourcesBuildPhase;
			buildActionMask = 2147483647;
			files = (
				F58A80102889E71A0058B486 /* Peter016_1UITests.swift in Sources */,
				F58A80122889E71A0058B486 /* Peter016_1UITestsLaunchTests.swift in Sources */,
			);
			runOnlyForDeploymentPostprocessing = 0;
		};
/* End PBXSourcesBuildPhase section */

/* Begin PBXTargetDependency section */
		F58A80032889E71A0058B486 /* PBXTargetDependency */ = {
			isa = PBXTargetDependency;
			target = F58A7FF02889E7160058B486 /* Peter016_1 */;
			targetProxy = F58A80022889E71A0058B486 /* PBXContainerItemProxy */;
		};
		F58A800D2889E71A0058B486 /* PBXTargetDependency */ = {
			isa = PBXTargetDependency;
			target = F58A7FF02889E7160058B486 /* Peter016_1 */;
			targetProxy = F58A800C2889E71A0058B486 /* PBXContainerItemProxy */;
		};
/* End PBXTargetDependency section */

/* Begin XCBuildConfiguration section */
		F58A80132889E71A0058B486 /* Debug */ = {
			isa = XCBuildConfiguration;
			buildSettings = {
				ALWAYS_SEARCH_USER_PATHS = NO;
				CLANG_ANALYZER_NONNULL = YES;
				CLANG_ANALYZER_NUMBER_OBJECT_CONVERSION = YES_AGGRESSIVE;
				CLANG_CXX_LANGUAGE_STANDARD = "gnu++17";
				CLANG_CXX_LIBRARY = "libc++";
				CLANG_ENABLE_MODULES = YES;
				CLANG_ENABLE_OBJC_ARC = YES;
				CLANG_ENABLE_OBJC_WEAK = YES;
				CLANG_WARN_BLOCK_CAPTURE_AUTORELEASING = YES;
				CLANG_WARN_BOOL_CONVERSION = YES;
				CLANG_WARN_COMMA = YES;
				CLANG_WARN_CONSTANT_CONVERSION = YES;
				CLANG_WARN_DEPRECATED_OBJC_IMPLEMENTATIONS = YES;
				CLANG_WARN_DIRECT_OBJC_ISA_USAGE = YES_ERROR;
				CLANG_WARN_DOCUMENTATION_COMMENTS = YES;
				CLANG_WARN_EMPTY_BODY = YES;
				CLANG_WARN_ENUM_CONVERSION = YES;
				CLANG_WARN_INFINITE_RECURSION = YES;
				CLANG_WARN_INT_CONVERSION = YES;
				CLANG_WARN_NON_LITERAL_NULL_CONVERSION = YES;
				CLANG_WARN_OBJC_IMPLICIT_RETAIN_SELF = YES;
				CLANG_WARN_OBJC_LITERAL_CONVERSION = YES;
				CLANG_WARN_OBJC_ROOT_CLASS = YES_ERROR;
				CLANG_WARN_QUOTED_INCLUDE_IN_FRAMEWORK_HEADER = YES;
				CLANG_WARN_RANGE_LOOP_ANALYSIS = YES;
				CLANG_WARN_STRICT_PROTOTYPES = YES;
				CLANG_WARN_SUSPICIOUS_MOVE = YES;
				CLANG_WARN_UNGUARDED_AVAILABILITY = YES_AGGRESSIVE;
				CLANG_WARN_UNREACHABLE_CODE = YES;
				CLANG_WARN__DUPLICATE_METHOD_MATCH = YES;
				COPY_PHASE_STRIP = NO;
				DEBUG_INFORMATION_FORMAT = dwarf;
				ENABLE_STRICT_OBJC_MSGSEND = YES;
				ENABLE_TESTABILITY = YES;
				GCC_C_LANGUAGE_STANDARD = gnu11;
				GCC_DYNAMIC_NO_PIC = NO;
				GCC_NO_COMMON_BLOCKS = YES;
				GCC_OPTIMIZATION_LEVEL = 0;
				GCC_PREPROCESSOR_DEFINITIONS = (
					"DEBUG=1",
					"$(inherited)",
				);
				GCC_WARN_64_TO_32_BIT_CONVERSION = YES;
				GCC_WARN_ABOUT_RETURN_TYPE = YES_ERROR;
				GCC_WARN_UNDECLARED_SELECTOR = YES;
				GCC_WARN_UNINITIALIZED_AUTOS = YES_AGGRESSIVE;
				GCC_WARN_UNUSED_FUNCTION = YES;
				GCC_WARN_UNUSED_VARIABLE = YES;
				IPHONEOS_DEPLOYMENT_TARGET = 15.0;
				MTL_ENABLE_DEBUG_INFO = INCLUDE_SOURCE;
				MTL_FAST_MATH = YES;
				ONLY_ACTIVE_ARCH = YES;
				SDKROOT = iphoneos;
				SWIFT_ACTIVE_COMPILATION_CONDITIONS = DEBUG;
				SWIFT_OPTIMIZATION_LEVEL = "-Onone";
			};
			name = Debug;
		};
		F58A80142889E71A0058B486 /* Release */ = {
			isa = XCBuildConfiguration;
			buildSettings = {
				ALWAYS_SEARCH_USER_PATHS = NO;
				CLANG_ANALYZER_NONNULL = YES;
				CLANG_ANALYZER_NUMBER_OBJECT_CONVERSION = YES_AGGRESSIVE;
				CLANG_CXX_LANGUAGE_STANDARD = "gnu++17";
				CLANG_CXX_LIBRARY = "libc++";
				CLANG_ENABLE_MODULES = YES;
				CLANG_ENABLE_OBJC_ARC = YES;
				CLANG_ENABLE_OBJC_WEAK = YES;
				CLANG_WARN_BLOCK_CAPTURE_AUTORELEASING = YES;
				CLANG_WARN_BOOL_CONVERSION = YES;
				CLANG_WARN_COMMA = YES;
				CLANG_WARN_CONSTANT_CONVERSION = YES;
				CLANG_WARN_DEPRECATED_OBJC_IMPLEMENTATIONS = YES;
				CLANG_WARN_DIRECT_OBJC_ISA_USAGE = YES_ERROR;
				CLANG_WARN_DOCUMENTATION_COMMENTS = YES;
				CLANG_WARN_EMPTY_BODY = YES;
				CLANG_WARN_ENUM_CONVERSION = YES;
				CLANG_WARN_INFINITE_RECURSION = YES;
				CLANG_WARN_INT_CONVERSION = YES;
				CLANG_WARN_NON_LITERAL_NULL_CONVERSION = YES;
				CLANG_WARN_OBJC_IMPLICIT_RETAIN_SELF = YES;
				CLANG_WARN_OBJC_LITERAL_CONVERSION = YES;
				CLANG_WARN_OBJC_ROOT_CLASS = YES_ERROR;
				CLANG_WARN_QUOTED_INCLUDE_IN_FRAMEWORK_HEADER = YES;
				CLANG_WARN_RANGE_LOOP_ANALYSIS = YES;
				CLANG_WARN_STRICT_PROTOTYPES = YES;
				CLANG_WARN_SUSPICIOUS_MOVE = YES;
				CLANG_WARN_UNGUARDED_AVAILABILITY = YES_AGGRESSIVE;
				CLANG_WARN_UNREACHABLE_CODE = YES;
				CLANG_WARN__DUPLICATE_METHOD_MATCH = YES;
				COPY_PHASE_STRIP = NO;
				DEBUG_INFORMATION_FORMAT = "dwarf-with-dsym";
				ENABLE_NS_ASSERTIONS = NO;
				ENABLE_STRICT_OBJC_MSGSEND = YES;
				GCC_C_LANGUAGE_STANDARD = gnu11;
				GCC_NO_COMMON_BLOCKS = YES;
				GCC_WARN_64_TO_32_BIT_CONVERSION = YES;
				GCC_WARN_ABOUT_RETURN_TYPE = YES_ERROR;
				GCC_WARN_UNDECLARED_SELECTOR = YES;
				GCC_WARN_UNINITIALIZED_AUTOS = YES_AGGRESSIVE;
				GCC_WARN_UNUSED_FUNCTION = YES;
				GCC_WARN_UNUSED_VARIABLE = YES;
				IPHONEOS_DEPLOYMENT_TARGET = 15.0;
				MTL_ENABLE_DEBUG_INFO = NO;
				MTL_FAST_MATH = YES;
				SDKROOT = iphoneos;
				SWIFT_COMPILATION_MODE = wholemodule;
				SWIFT_OPTIMIZATION_LEVEL = "-O";
				VALIDATE_PRODUCT = YES;
			};
			name = Release;
		};
		F58A80162889E71A0058B486 /* Debug */ = {
			isa = XCBuildConfiguration;
			buildSettings = {
				ASSETCATALOG_COMPILER_APPICON_NAME = AppIcon;
				ASSETCATALOG_COMPILER_GLOBAL_ACCENT_COLOR_NAME = AccentColor;
				CODE_SIGN_STYLE = Automatic;
				CURRENT_PROJECT_VERSION = 1;
				DEVELOPMENT_ASSET_PATHS = "\"Peter016_1/Preview Content\"";
				DEVELOPMENT_TEAM = 942H6V444Y;
				ENABLE_PREVIEWS = YES;
				GENERATE_INFOPLIST_FILE = YES;
				INFOPLIST_KEY_UIApplicationSceneManifest_Generation = YES;
				INFOPLIST_KEY_UIApplicationSupportsIndirectInputEvents = YES;
				INFOPLIST_KEY_UILaunchScreen_Generation = YES;
				INFOPLIST_KEY_UISupportedInterfaceOrientations_iPad = "UIInterfaceOrientationPortrait UIInterfaceOrientationPortraitUpsideDown UIInterfaceOrientationLandscapeLeft UIInterfaceOrientationLandscapeRight";
				INFOPLIST_KEY_UISupportedInterfaceOrientations_iPhone = "UIInterfaceOrientationPortrait UIInterfaceOrientationLandscapeLeft UIInterfaceOrientationLandscapeRight";
				LD_RUNPATH_SEARCH_PATHS = (
					"$(inherited)",
					"@executable_path/Frameworks",
				);
				MARKETING_VERSION = 1.0;
				PRODUCT_BUNDLE_IDENTIFIER = "com.ddong.Peter016-1";
				PRODUCT_NAME = "$(TARGET_NAME)";
				SWIFT_EMIT_LOC_STRINGS = YES;
				SWIFT_VERSION = 5.0;
				TARGETED_DEVICE_FAMILY = "1,2";
			};
			name = Debug;
		};
		F58A80172889E71A0058B486 /* Release */ = {
			isa = XCBuildConfiguration;
			buildSettings = {
				ASSETCATALOG_COMPILER_APPICON_NAME = AppIcon;
				ASSETCATALOG_COMPILER_GLOBAL_ACCENT_COLOR_NAME = AccentColor;
				CODE_SIGN_STYLE = Automatic;
				CURRENT_PROJECT_VERSION = 1;
				DEVELOPMENT_ASSET_PATHS = "\"Peter016_1/Preview Content\"";
				DEVELOPMENT_TEAM = 942H6V444Y;
				ENABLE_PREVIEWS = YES;
				GENERATE_INFOPLIST_FILE = YES;
				INFOPLIST_KEY_UIApplicationSceneManifest_Generation = YES;
				INFOPLIST_KEY_UIApplicationSupportsIndirectInputEvents = YES;
				INFOPLIST_KEY_UILaunchScreen_Generation = YES;
				INFOPLIST_KEY_UISupportedInterfaceOrientations_iPad = "UIInterfaceOrientationPortrait UIInterfaceOrientationPortraitUpsideDown UIInterfaceOrientationLandscapeLeft UIInterfaceOrientationLandscapeRight";
				INFOPLIST_KEY_UISupportedInterfaceOrientations_iPhone = "UIInterfaceOrientationPortrait UIInterfaceOrientationLandscapeLeft UIInterfaceOrientationLandscapeRight";
				LD_RUNPATH_SEARCH_PATHS = (
					"$(inherited)",
					"@executable_path/Frameworks",
				);
				MARKETING_VERSION = 1.0;
				PRODUCT_BUNDLE_IDENTIFIER = "com.ddong.Peter016-1";
				PRODUCT_NAME = "$(TARGET_NAME)";
				SWIFT_EMIT_LOC_STRINGS = YES;
				SWIFT_VERSION = 5.0;
				TARGETED_DEVICE_FAMILY = "1,2";
			};
			name = Release;
		};
		F58A80192889E71A0058B486 /* Debug */ = {
			isa = XCBuildConfiguration;
			buildSettings = {
				ALWAYS_EMBED_SWIFT_STANDARD_LIBRARIES = YES;
				BUNDLE_LOADER = "$(TEST_HOST)";
				CODE_SIGN_STYLE = Automatic;
				CURRENT_PROJECT_VERSION = 1;
				DEVELOPMENT_TEAM = 942H6V444Y;
				GENERATE_INFOPLIST_FILE = YES;
				IPHONEOS_DEPLOYMENT_TARGET = 15.0;
				LD_RUNPATH_SEARCH_PATHS = (
					"$(inherited)",
					"@executable_path/Frameworks",
					"@loader_path/Frameworks",
				);
				MARKETING_VERSION = 1.0;
				PRODUCT_BUNDLE_IDENTIFIER = "com.ddong.Peter016-1Tests";
				PRODUCT_NAME = "$(TARGET_NAME)";
				SWIFT_EMIT_LOC_STRINGS = NO;
				SWIFT_VERSION = 5.0;
				TARGETED_DEVICE_FAMILY = "1,2";
				TEST_HOST = "$(BUILT_PRODUCTS_DIR)/Peter016_1.app/Peter016_1";
			};
			name = Debug;
		};
		F58A801A2889E71A0058B486 /* Release */ = {
			isa = XCBuildConfiguration;
			buildSettings = {
				ALWAYS_EMBED_SWIFT_STANDARD_LIBRARIES = YES;
				BUNDLE_LOADER = "$(TEST_HOST)";
				CODE_SIGN_STYLE = Automatic;
				CURRENT_PROJECT_VERSION = 1;
				DEVELOPMENT_TEAM = 942H6V444Y;
				GENERATE_INFOPLIST_FILE = YES;
				IPHONEOS_DEPLOYMENT_TARGET = 15.0;
				LD_RUNPATH_SEARCH_PATHS = (
					"$(inherited)",
					"@executable_path/Frameworks",
					"@loader_path/Frameworks",
				);
				MARKETING_VERSION = 1.0;
				PRODUCT_BUNDLE_IDENTIFIER = "com.ddong.Peter016-1Tests";
				PRODUCT_NAME = "$(TARGET_NAME)";
				SWIFT_EMIT_LOC_STRINGS = NO;
				SWIFT_VERSION = 5.0;
				TARGETED_DEVICE_FAMILY = "1,2";
				TEST_HOST = "$(BUILT_PRODUCTS_DIR)/Peter016_1.app/Peter016_1";
			};
			name = Release;
		};
		F58A801C2889E71A0058B486 /* Debug */ = {
			isa = XCBuildConfiguration;
			buildSettings = {
				ALWAYS_EMBED_SWIFT_STANDARD_LIBRARIES = YES;
				CODE_SIGN_STYLE = Automatic;
				CURRENT_PROJECT_VERSION = 1;
				DEVELOPMENT_TEAM = 942H6V444Y;
				GENERATE_INFOPLIST_FILE = YES;
				LD_RUNPATH_SEARCH_PATHS = (
					"$(inherited)",
					"@executable_path/Frameworks",
					"@loader_path/Frameworks",
				);
				MARKETING_VERSION = 1.0;
				PRODUCT_BUNDLE_IDENTIFIER = "com.ddong.Peter016-1UITests";
				PRODUCT_NAME = "$(TARGET_NAME)";
				SWIFT_EMIT_LOC_STRINGS = NO;
				SWIFT_VERSION = 5.0;
				TARGETED_DEVICE_FAMILY = "1,2";
				TEST_TARGET_NAME = Peter016_1;
			};
			name = Debug;
		};
		F58A801D2889E71A0058B486 /* Release */ = {
			isa = XCBuildConfiguration;
			buildSettings = {
				ALWAYS_EMBED_SWIFT_STANDARD_LIBRARIES = YES;
				CODE_SIGN_STYLE = Automatic;
				CURRENT_PROJECT_VERSION = 1;
				DEVELOPMENT_TEAM = 942H6V444Y;
				GENERATE_INFOPLIST_FILE = YES;
				LD_RUNPATH_SEARCH_PATHS = (
					"$(inherited)",
					"@executable_path/Frameworks",
					"@loader_path/Frameworks",
				);
				MARKETING_VERSION = 1.0;
				PRODUCT_BUNDLE_IDENTIFIER = "com.ddong.Peter016-1UITests";
				PRODUCT_NAME = "$(TARGET_NAME)";
				SWIFT_EMIT_LOC_STRINGS = NO;
				SWIFT_VERSION = 5.0;
				TARGETED_DEVICE_FAMILY = "1,2";
				TEST_TARGET_NAME = Peter016_1;
			};
			name = Release;
		};
/* End XCBuildConfiguration section */

/* Begin XCConfigurationList section */
		F58A7FEC2889E7160058B486 /* Build configuration list for PBXProject "Peter016_1" */ = {
			isa = XCConfigurationList;
			buildConfigurations = (
				F58A80132889E71A0058B486 /* Debug */,
				F58A80142889E71A0058B486 /* Release */,
			);
			defaultConfigurationIsVisible = 0;
			defaultConfigurationName = Release;
		};
		F58A80152889E71A0058B486 /* Build configuration list for PBXNativeTarget "Peter016_1" */ = {
			isa = XCConfigurationList;
			buildConfigurations = (
				F58A80162889E71A0058B486 /* Debug */,
				F58A80172889E71A0058B486 /* Release */,
			);
			defaultConfigurationIsVisible = 0;
			defaultConfigurationName = Release;
		};
		F58A80182889E71A0058B486 /* Build configuration list for PBXNativeTarget "Peter016_1Tests" */ = {
			isa = XCConfigurationList;
			buildConfigurations = (
				F58A80192889E71A0058B486 /* Debug */,
				F58A801A2889E71A0058B486 /* Release */,
			);
			defaultConfigurationIsVisible = 0;
			defaultConfigurationName = Release;
		};
		F58A801B2889E71A0058B486 /* Build configuration list for PBXNativeTarget "Peter016_1UITests" */ = {
			isa = XCConfigurationList;
			buildConfigurations = (
				F58A801C2889E71A0058B486 /* Debug */,
				F58A801D2889E71A0058B486 /* Release */,
			);
			defaultConfigurationIsVisible = 0;
			defaultConfigurationName = Release;
		};
/* End XCConfigurationList section */
	};
	rootObject = F58A7FE92889E7160058B486 /* Project object */;
}
